// !$*UTF8*$!
{
	archiveVersion = 1;
	classes = {
	};
	objectVersion = 46;
	objects = {

/* Begin PBXBuildFile section */
		5DC39E4719F39B88006E29B2 /* AppDelegate.swift in Sources */ = {isa = PBXBuildFile; fileRef = 5DC39E4619F39B88006E29B2 /* AppDelegate.swift */; };
		5DC39E4919F39B88006E29B2 /* ViewController.swift in Sources */ = {isa = PBXBuildFile; fileRef = 5DC39E4819F39B88006E29B2 /* ViewController.swift */; };
		5DC39E4C19F39B88006E29B2 /* Main.storyboard in Resources */ = {isa = PBXBuildFile; fileRef = 5DC39E4A19F39B88006E29B2 /* Main.storyboard */; };
		5DC39E4E19F39B88006E29B2 /* Images.xcassets in Resources */ = {isa = PBXBuildFile; fileRef = 5DC39E4D19F39B88006E29B2 /* Images.xcassets */; };
		5DC39E5119F39B88006E29B2 /* LaunchScreen.xib in Resources */ = {isa = PBXBuildFile; fileRef = 5DC39E4F19F39B88006E29B2 /* LaunchScreen.xib */; };
		5DC39E5D19F39B89006E29B2 /* slotMachineTests.swift in Sources */ = {isa = PBXBuildFile; fileRef = 5DC39E5C19F39B89006E29B2 /* slotMachineTests.swift */; };
/* End PBXBuildFile section */

/* Begin PBXContainerItemProxy section */
		5DC39E5719F39B89006E29B2 /* PBXContainerItemProxy */ = {
			isa = PBXContainerItemProxy;
			containerPortal = 5DC39E3919F39B88006E29B2 /* Project object */;
			proxyType = 1;
			remoteGlobalIDString = 5DC39E4019F39B88006E29B2;
			remoteInfo = slotMachine;
		};
/* End PBXContainerItemProxy section */

/* Begin PBXFileReference section */
		5DC39E4119F39B88006E29B2 /* slotMachine.app */ = {isa = PBXFileReference; explicitFileType = wrapper.application; includeInIndex = 0; path = slotMachine.app; sourceTree = BUILT_PRODUCTS_DIR; };
		5DC39E4519F39B88006E29B2 /* Info.plist */ = {isa = PBXFileReference; lastKnownFileType = text.plist.xml; path = Info.plist; sourceTree = "<group>"; };
		5DC39E4619F39B88006E29B2 /* AppDelegate.swift */ = {isa = PBXFileReference; lastKnownFileType = sourcecode.swift; path = AppDelegate.swift; sourceTree = "<group>"; };
		5DC39E4819F39B88006E29B2 /* ViewController.swift */ = {isa = PBXFileReference; lastKnownFileType = sourcecode.swift; path = ViewController.swift; sourceTree = "<group>"; };
		5DC39E4B19F39B88006E29B2 /* Base */ = {isa = PBXFileReference; lastKnownFileType = file.storyboard; name = Base; path = Base.lproj/Main.storyboard; sourceTree = "<group>"; };
		5DC39E4D19F39B88006E29B2 /* Images.xcassets */ = {isa = PBXFileReference; lastKnownFileType = folder.assetcatalog; path = Images.xcassets; sourceTree = "<group>"; };
		5DC39E5019F39B88006E29B2 /* Base */ = {isa = PBXFileReference; lastKnownFileType = file.xib; name = Base; path = Base.lproj/LaunchScreen.xib; sourceTree = "<group>"; };
		5DC39E5619F39B89006E29B2 /* slotMachineTests.xctest */ = {isa = PBXFileReference; explicitFileType = wrapper.cfbundle; includeInIndex = 0; path = slotMachineTests.xctest; sourceTree = BUILT_PRODUCTS_DIR; };
		5DC39E5B19F39B89006E29B2 /* Info.plist */ = {isa = PBXFileReference; lastKnownFileType = text.plist.xml; path = Info.plist; sourceTree = "<group>"; };
		5DC39E5C19F39B89006E29B2 /* slotMachineTests.swift */ = {isa = PBXFileReference; lastKnownFileType = sourcecode.swift; path = slotMachineTests.swift; sourceTree = "<group>"; };
/* End PBXFileReference section */

/* Begin PBXFrameworksBuildPhase section */
		5DC39E3E19F39B88006E29B2 /* Frameworks */ = {
			isa = PBXFrameworksBuildPhase;
			buildActionMask = 2147483647;
			files = (
			);
			runOnlyForDeploymentPostprocessing = 0;
		};
		5DC39E5319F39B89006E29B2 /* Frameworks */ = {
			isa = PBXFrameworksBuildPhase;
			buildActionMask = 2147483647;
			files = (
			);
			runOnlyForDeploymentPostprocessing = 0;
		};
/* End PBXFrameworksBuildPhase section */

/* Begin PBXGroup section */
		5DC39E3819F39B88006E29B2 = {
			isa = PBXGroup;
			children = (
				5DC39E4319F39B88006E29B2 /* slotMachine */,
				5DC39E5919F39B89006E29B2 /* slotMachineTests */,
				5DC39E4219F39B88006E29B2 /* Products */,
			);
			sourceTree = "<group>";
		};
		5DC39E4219F39B88006E29B2 /* Products */ = {
			isa = PBXGroup;
			children = (
				5DC39E4119F39B88006E29B2 /* slotMachine.app */,
				5DC39E5619F39B89006E29B2 /* slotMachineTests.xctest */,
			);
			name = Products;
			sourceTree = "<group>";
		};
		5DC39E4319F39B88006E29B2 /* slotMachine */ = {
			isa = PBXGroup;
			children = (
				5DC39E4619F39B88006E29B2 /* AppDelegate.swift */,
				5DC39E4819F39B88006E29B2 /* ViewController.swift */,
				5DC39E4A19F39B88006E29B2 /* Main.storyboard */,
				5DC39E4D19F39B88006E29B2 /* Images.xcassets */,
				5DC39E4F19F39B88006E29B2 /* LaunchScreen.xib */,
				5DC39E4419F39B88006E29B2 /* Supporting Files */,
			);
			path = slotMachine;
			sourceTree = "<group>";
		};
		5DC39E4419F39B88006E29B2 /* Supporting Files */ = {
			isa = PBXGroup;
			children = (
				5DC39E4519F39B88006E29B2 /* Info.plist */,
			);
			name = "Supporting Files";
			sourceTree = "<group>";
		};
		5DC39E5919F39B89006E29B2 /* slotMachineTests */ = {
			isa = PBXGroup;
			children = (
				5DC39E5C19F39B89006E29B2 /* slotMachineTests.swift */,
				5DC39E5A19F39B89006E29B2 /* Supporting Files */,
			);
			path = slotMachineTests;
			sourceTree = "<group>";
		};
		5DC39E5A19F39B89006E29B2 /* Supporting Files */ = {
			isa = PBXGroup;
			children = (
				5DC39E5B19F39B89006E29B2 /* Info.plist */,
			);
			name = "Supporting Files";
			sourceTree = "<group>";
		};
/* End PBXGroup section */

/* Begin PBXNativeTarget section */
		5DC39E4019F39B88006E29B2 /* slotMachine */ = {
			isa = PBXNativeTarget;
			buildConfigurationList = 5DC39E6019F39B89006E29B2 /* Build configuration list for PBXNativeTarget "slotMachine" */;
			buildPhases = (
				5DC39E3D19F39B88006E29B2 /* Sources */,
				5DC39E3E19F39B88006E29B2 /* Frameworks */,
				5DC39E3F19F39B88006E29B2 /* Resources */,
			);
			buildRules = (
			);
			dependencies = (
			);
			name = slotMachine;
			productName = slotMachine;
			productReference = 5DC39E4119F39B88006E29B2 /* slotMachine.app */;
			productType = "com.apple.product-type.application";
		};
		5DC39E5519F39B89006E29B2 /* slotMachineTests */ = {
			isa = PBXNativeTarget;
			buildConfigurationList = 5DC39E6319F39B89006E29B2 /* Build configuration list for PBXNativeTarget "slotMachineTests" */;
			buildPhases = (
				5DC39E5219F39B89006E29B2 /* Sources */,
				5DC39E5319F39B89006E29B2 /* Frameworks */,
				5DC39E5419F39B89006E29B2 /* Resources */,
			);
			buildRules = (
			);
			dependencies = (
				5DC39E5819F39B89006E29B2 /* PBXTargetDependency */,
			);
			name = slotMachineTests;
			productName = slotMachineTests;
			productReference = 5DC39E5619F39B89006E29B2 /* slotMachineTests.xctest */;
			productType = "com.apple.product-type.bundle.unit-test";
		};
/* End PBXNativeTarget section */

/* Begin PBXProject section */
		5DC39E3919F39B88006E29B2 /* Project object */ = {
			isa = PBXProject;
			attributes = {
				LastUpgradeCheck = 0600;
				ORGANIZATIONNAME = ankurchdry;
				TargetAttributes = {
					5DC39E4019F39B88006E29B2 = {
						CreatedOnToolsVersion = 6.0;
					};
					5DC39E5519F39B89006E29B2 = {
						CreatedOnToolsVersion = 6.0;
						TestTargetID = 5DC39E4019F39B88006E29B2;
					};
				};
			};
			buildConfigurationList = 5DC39E3C19F39B88006E29B2 /* Build configuration list for PBXProject "slotMachine" */;
			compatibilityVersion = "Xcode 3.2";
			developmentRegion = English;
			hasScannedForEncodings = 0;
			knownRegions = (
				en,
				Base,
			);
			mainGroup = 5DC39E3819F39B88006E29B2;
			productRefGroup = 5DC39E4219F39B88006E29B2 /* Products */;
			projectDirPath = "";
			projectRoot = "";
			targets = (
				5DC39E4019F39B88006E29B2 /* slotMachine */,
				5DC39E5519F39B89006E29B2 /* slotMachineTests */,
			);
		};
/* End PBXProject section */

/* Begin PBXResourcesBuildPhase section */
		5DC39E3F19F39B88006E29B2 /* Resources */ = {
			isa = PBXResourcesBuildPhase;
			buildActionMask = 2147483647;
			files = (
				5DC39E4C19F39B88006E29B2 /* Main.storyboard in Resources */,
				5DC39E5119F39B88006E29B2 /* LaunchScreen.xib in Resources */,
				5DC39E4E19F39B88006E29B2 /* Images.xcassets in Resources */,
			);
			runOnlyForDeploymentPostprocessing = 0;
		};
		5DC39E5419F39B89006E29B2 /* Resources */ = {
			isa = PBXResourcesBuildPhase;
			buildActionMask = 2147483647;
			files = (
			);
			runOnlyForDeploymentPostprocessing = 0;
		};
/* End PBXResourcesBuildPhase section */

/* Begin PBXSourcesBuildPhase section */
		5DC39E3D19F39B88006E29B2 /* Sources */ = {
			isa = PBXSourcesBuildPhase;
			buildActionMask = 2147483647;
			files = (
				5DC39E4919F39B88006E29B2 /* ViewController.swift in Sources */,
				5DC39E4719F39B88006E29B2 /* AppDelegate.swift in Sources */,
			);
			runOnlyForDeploymentPostprocessing = 0;
		};
		5DC39E5219F39B89006E29B2 /* Sources */ = {
			isa = PBXSourcesBuildPhase;
			buildActionMask = 2147483647;
			files = (
				5DC39E5D19F39B89006E29B2 /* slotMachineTests.swift in Sources */,
			);
			runOnlyForDeploymentPostprocessing = 0;
		};
/* End PBXSourcesBuildPhase section */

/* Begin PBXTargetDependency section */
		5DC39E5819F39B89006E29B2 /* PBXTargetDependency */ = {
			isa = PBXTargetDependency;
			target = 5DC39E4019F39B88006E29B2 /* slotMachine */;
			targetProxy = 5DC39E5719F39B89006E29B2 /* PBXContainerItemProxy */;
		};
/* End PBXTargetDependency section */

/* Begin PBXVariantGroup section */
		5DC39E4A19F39B88006E29B2 /* Main.storyboard */ = {
			isa = PBXVariantGroup;
			children = (
				5DC39E4B19F39B88006E29B2 /* Base */,
			);
			name = Main.storyboard;
			sourceTree = "<group>";
		};
		5DC39E4F19F39B88006E29B2 /* LaunchScreen.xib */ = {
			isa = PBXVariantGroup;
			children = (
				5DC39E5019F39B88006E29B2 /* Base */,
			);
			name = LaunchScreen.xib;
			sourceTree = "<group>";
		};
/* End PBXVariantGroup section */

/* Begin XCBuildConfiguration section */
		5DC39E5E19F39B89006E29B2 /* Debug */ = {
			isa = XCBuildConfiguration;
			buildSettings = {
				ALWAYS_SEARCH_USER_PATHS = NO;
				CLANG_CXX_LANGUAGE_STANDARD = "gnu++0x";
				CLANG_CXX_LIBRARY = "libc++";
				CLANG_ENABLE_MODULES = YES;
				CLANG_ENABLE_OBJC_ARC = YES;
				CLANG_WARN_BOOL_CONVERSION = YES;
				CLANG_WARN_CONSTANT_CONVERSION = YES;
				CLANG_WARN_DIRECT_OBJC_ISA_USAGE = YES_ERROR;
				CLANG_WARN_EMPTY_BODY = YES;
				CLANG_WARN_ENUM_CONVERSION = YES;
				CLANG_WARN_INT_CONVERSION = YES;
				CLANG_WARN_OBJC_ROOT_CLASS = YES_ERROR;
				CLANG_WARN_UNREACHABLE_CODE = YES;
				CLANG_WARN__DUPLICATE_METHOD_MATCH = YES;
				"CODE_SIGN_IDENTITY[sdk=iphoneos*]" = "iPhone Developer";
				COPY_PHASE_STRIP = NO;
				ENABLE_STRICT_OBJC_MSGSEND = YES;
				GCC_C_LANGUAGE_STANDARD = gnu99;
				GCC_DYNAMIC_NO_PIC = NO;
				GCC_OPTIMIZATION_LEVEL = 0;
				GCC_PREPROCESSOR_DEFINITIONS = (
					"DEBUG=1",
					"$(inherited)",
				);
				GCC_SYMBOLS_PRIVATE_EXTERN = NO;
				GCC_WARN_64_TO_32_BIT_CONVERSION = YES;
				GCC_WARN_ABOUT_RETURN_TYPE = YES_ERROR;
				GCC_WARN_UNDECLARED_SELECTOR = YES;
				GCC_WARN_UNINITIALIZED_AUTOS = YES_AGGRESSIVE;
				GCC_WARN_UNUSED_FUNCTION = YES;
				GCC_WARN_UNUSED_VARIABLE = YES;
				IPHONEOS_DEPLOYMENT_TARGET = 8.0;
				MTL_ENABLE_DEBUG_INFO = YES;
				ONLY_ACTIVE_ARCH = YES;
				SDKROOT = iphoneos;
				SWIFT_OPTIMIZATION_LEVEL = "-Onone";
			};
			name = Debug;
		};
		5DC39E5F19F39B89006E29B2 /* Release */ = {
			isa = XCBuildConfiguration;
			buildSettings = {
				ALWAYS_SEARCH_USER_PATHS = NO;
				CLANG_CXX_LANGUAGE_STANDARD = "gnu++0x";
				CLANG_CXX_LIBRARY = "libc++";
				CLANG_ENABLE_MODULES = YES;
				CLANG_ENABLE_OBJC_ARC = YES;
				CLANG_WARN_BOOL_CONVERSION = YES;
				CLANG_WARN_CONSTANT_CONVERSION = YES;
				CLANG_WARN_DIRECT_OBJC_ISA_USAGE = YES_ERROR;
				CLANG_WARN_EMPTY_BODY = YES;
				CLANG_WARN_ENUM_CONVERSION = YES;
				CLANG_WARN_INT_CONVERSION = YES;
				CLANG_WARN_OBJC_ROOT_CLASS = YES_ERROR;
				CLANG_WARN_UNREACHABLE_CODE = YES;
				CLANG_WARN__DUPLICATE_METHOD_MATCH = YES;
				"CODE_SIGN_IDENTITY[sdk=iphoneos*]" = "iPhone Developer";
				COPY_PHASE_STRIP = YES;
				ENABLE_NS_ASSERTIONS = NO;
				ENABLE_STRICT_OBJC_MSGSEND = YES;
				GCC_C_LANGUAGE_STANDARD = gnu99;
				GCC_WARN_64_TO_32_BIT_CONVERSION = YES;
				GCC_WARN_ABOUT_RETURN_TYPE = YES_ERROR;
				GCC_WARN_UNDECLARED_SELECTOR = YES;
				GCC_WARN_UNINITIALIZED_AUTOS = YES_AGGRESSIVE;
				GCC_WARN_UNUSED_FUNCTION = YES;
				GCC_WARN_UNUSED_VARIABLE = YES;
				IPHONEOS_DEPLOYMENT_TARGET = 8.0;
				MTL_ENABLE_DEBUG_INFO = NO;
				SDKROOT = iphoneos;
				VALIDATE_PRODUCT = YES;
			};
			name = Release;
		};
		5DC39E6119F39B89006E29B2 /* Debug */ = {
			isa = XCBuildConfiguration;
			buildSettings = {
				ASSETCATALOG_COMPILER_APPICON_NAME = AppIcon;
				INFOPLIST_FILE = slotMachine/Info.plist;
				LD_RUNPATH_SEARCH_PATHS = "$(inherited) @executable_path/Frameworks";
				PRODUCT_NAME = "$(TARGET_NAME)";
			};
			name = Debug;
		};
		5DC39E6219F39B89006E29B2 /* Release */ = {
			isa = XCBuildConfiguration;
			buildSettings = {
				ASSETCATALOG_COMPILER_APPICON_NAME = AppIcon;
				INFOPLIST_FILE = slotMachine/Info.plist;
				LD_RUNPATH_SEARCH_PATHS = "$(inherited) @executable_path/Frameworks";
				PRODUCT_NAME = "$(TARGET_NAME)";
			};
			name = Release;
		};
		5DC39E6419F39B89006E29B2 /* Debug */ = {
			isa = XCBuildConfiguration;
			buildSettings = {
				BUNDLE_LOADER = "$(TEST_HOST)";
				FRAMEWORK_SEARCH_PATHS = (
					"$(SDKROOT)/Developer/Library/Frameworks",
					"$(inherited)",
				);
				GCC_PREPROCESSOR_DEFINITIONS = (
					"DEBUG=1",
					"$(inherited)",
				);
				INFOPLIST_FILE = slotMachineTests/Info.plist;
				LD_RUNPATH_SEARCH_PATHS = "$(inherited) @executable_path/Frameworks @loader_path/Frameworks";
				PRODUCT_NAME = "$(TARGET_NAME)";
				TEST_HOST = "$(BUILT_PRODUCTS_DIR)/slotMachine.app/slotMachine";
			};
			name = Debug;
		};
		5DC39E6519F39B89006E29B2 /* Release */ = {
			isa = XCBuildConfiguration;
			buildSettings = {
				BUNDLE_LOADER = "$(TEST_HOST)";
				FRAMEWORK_SEARCH_PATHS = (
					"$(SDKROOT)/Developer/Library/Frameworks",
					"$(inherited)",
				);
				INFOPLIST_FILE = slotMachineTests/Info.plist;
				LD_RUNPATH_SEARCH_PATHS = "$(inherited) @executable_path/Frameworks @loader_path/Frameworks";
				PRODUCT_NAME = "$(TARGET_NAME)";
				TEST_HOST = "$(BUILT_PRODUCTS_DIR)/slotMachine.app/slotMachine";
			};
			name = Release;
		};
/* End XCBuildConfiguration section */

/* Begin XCConfigurationList section */
		5DC39E3C19F39B88006E29B2 /* Build configuration list for PBXProject "slotMachine" */ = {
			isa = XCConfigurationList;
			buildConfigurations = (
				5DC39E5E19F39B89006E29B2 /* Debug */,
				5DC39E5F19F39B89006E29B2 /* Release */,
			);
			defaultConfigurationIsVisible = 0;
			defaultConfigurationName = Release;
		};
		5DC39E6019F39B89006E29B2 /* Build configuration list for PBXNativeTarget "slotMachine" */ = {
			isa = XCConfigurationList;
			buildConfigurations = (
				5DC39E6119F39B89006E29B2 /* Debug */,
				5DC39E6219F39B89006E29B2 /* Release */,
			);
			defaultConfigurationIsVisible = 0;
		};
		5DC39E6319F39B89006E29B2 /* Build configuration list for PBXNativeTarget "slotMachineTests" */ = {
			isa = XCConfigurationList;
			buildConfigurations = (
				5DC39E6419F39B89006E29B2 /* Debug */,
				5DC39E6519F39B89006E29B2 /* Release */,
			);
			defaultConfigurationIsVisible = 0;
		};
/* End XCConfigurationList section */
	};
	rootObject = 5DC39E3919F39B88006E29B2 /* Project object */;
}
